// !$*UTF8*$!
{
	archiveVersion = 1;
	classes = {
	};
	objectVersion = 46;
	objects = {

/* Begin PBXBuildFile section */
		B3FED5AF1F303BE800BB12F9 /* AppDelegate.swift in Sources */ = {isa = PBXBuildFile; fileRef = B3FED5AE1F303BE800BB12F9 /* AppDelegate.swift */; };
		B3FED5B11F303BE800BB12F9 /* ViewController.swift in Sources */ = {isa = PBXBuildFile; fileRef = B3FED5B01F303BE800BB12F9 /* ViewController.swift */; };
		B3FED5B41F303BE800BB12F9 /* Main.storyboard in Resources */ = {isa = PBXBuildFile; fileRef = B3FED5B21F303BE800BB12F9 /* Main.storyboard */; };
		B3FED5B61F303BE800BB12F9 /* Assets.xcassets in Resources */ = {isa = PBXBuildFile; fileRef = B3FED5B51F303BE800BB12F9 /* Assets.xcassets */; };
		B3FED5B91F303BE800BB12F9 /* LaunchScreen.storyboard in Resources */ = {isa = PBXBuildFile; fileRef = B3FED5B71F303BE800BB12F9 /* LaunchScreen.storyboard */; };
		B3FED5C11F30448100BB12F9 /* GamePiece.swift in Sources */ = {isa = PBXBuildFile; fileRef = B3FED5C01F30448100BB12F9 /* GamePiece.swift */; };
		B3FED5C31F31723F00BB12F9 /* SoundManager.swift in Sources */ = {isa = PBXBuildFile; fileRef = B3FED5C21F31723F00BB12F9 /* SoundManager.swift */; };
		B3FED5C81F317EA300BB12F9 /* nicemove.caf in Resources */ = {isa = PBXBuildFile; fileRef = B3FED5C71F317EA300BB12F9 /* nicemove.caf */; };
		B3FED5CC1F317F0200BB12F9 /* buzzer.caf in Resources */ = {isa = PBXBuildFile; fileRef = B3FED5C91F317F0200BB12F9 /* buzzer.caf */; };
		B3FED5CD1F317F0200BB12F9 /* congrats.caf in Resources */ = {isa = PBXBuildFile; fileRef = B3FED5CA1F317F0200BB12F9 /* congrats.caf */; };
		B3FED5CE1F317F0200BB12F9 /* swipe.caf in Resources */ = {isa = PBXBuildFile; fileRef = B3FED5CB1F317F0200BB12F9 /* swipe.caf */; };
/* End PBXBuildFile section */

/* Begin PBXFileReference section */
		B3FED5AB1F303BE800BB12F9 /* Tic Tac Toe.app */ = {isa = PBXFileReference; explicitFileType = wrapper.application; includeInIndex = 0; path = "Tic Tac Toe.app"; sourceTree = BUILT_PRODUCTS_DIR; };
		B3FED5AE1F303BE800BB12F9 /* AppDelegate.swift */ = {isa = PBXFileReference; lastKnownFileType = sourcecode.swift; path = AppDelegate.swift; sourceTree = "<group>"; };
		B3FED5B01F303BE800BB12F9 /* ViewController.swift */ = {isa = PBXFileReference; lastKnownFileType = sourcecode.swift; path = ViewController.swift; sourceTree = "<group>"; };
		B3FED5B31F303BE800BB12F9 /* Base */ = {isa = PBXFileReference; lastKnownFileType = file.storyboard; name = Base; path = Base.lproj/Main.storyboard; sourceTree = "<group>"; };
		B3FED5B51F303BE800BB12F9 /* Assets.xcassets */ = {isa = PBXFileReference; lastKnownFileType = folder.assetcatalog; path = Assets.xcassets; sourceTree = "<group>"; };
		B3FED5B81F303BE800BB12F9 /* Base */ = {isa = PBXFileReference; lastKnownFileType = file.storyboard; name = Base; path = Base.lproj/LaunchScreen.storyboard; sourceTree = "<group>"; };
		B3FED5BA1F303BE800BB12F9 /* Info.plist */ = {isa = PBXFileReference; lastKnownFileType = text.plist.xml; path = Info.plist; sourceTree = "<group>"; };
		B3FED5C01F30448100BB12F9 /* GamePiece.swift */ = {isa = PBXFileReference; fileEncoding = 4; lastKnownFileType = sourcecode.swift; path = GamePiece.swift; sourceTree = "<group>"; };
		B3FED5C21F31723F00BB12F9 /* SoundManager.swift */ = {isa = PBXFileReference; fileEncoding = 4; lastKnownFileType = sourcecode.swift; path = SoundManager.swift; sourceTree = "<group>"; };
		B3FED5C71F317EA300BB12F9 /* nicemove.caf */ = {isa = PBXFileReference; lastKnownFileType = file; path = nicemove.caf; sourceTree = "<group>"; };
		B3FED5C91F317F0200BB12F9 /* buzzer.caf */ = {isa = PBXFileReference; lastKnownFileType = file; path = buzzer.caf; sourceTree = "<group>"; };
		B3FED5CA1F317F0200BB12F9 /* congrats.caf */ = {isa = PBXFileReference; lastKnownFileType = file; path = congrats.caf; sourceTree = "<group>"; };
		B3FED5CB1F317F0200BB12F9 /* swipe.caf */ = {isa = PBXFileReference; lastKnownFileType = file; path = swipe.caf; sourceTree = "<group>"; };
/* End PBXFileReference section */

/* Begin PBXFrameworksBuildPhase section */
		B3FED5A81F303BE800BB12F9 /* Frameworks */ = {
			isa = PBXFrameworksBuildPhase;
			buildActionMask = 2147483647;
			files = (
			);
			runOnlyForDeploymentPostprocessing = 0;
		};
/* End PBXFrameworksBuildPhase section */

/* Begin PBXGroup section */
		B3FED5A21F303BE800BB12F9 = {
			isa = PBXGroup;
			children = (
				B3FED5C91F317F0200BB12F9 /* buzzer.caf */,
				B3FED5CA1F317F0200BB12F9 /* congrats.caf */,
				B3FED5CB1F317F0200BB12F9 /* swipe.caf */,
				B3FED5C71F317EA300BB12F9 /* nicemove.caf */,
				B3FED5AD1F303BE800BB12F9 /* Tic Tac Toe */,
				B3FED5AC1F303BE800BB12F9 /* Products */,
			);
			sourceTree = "<group>";
		};
		B3FED5AC1F303BE800BB12F9 /* Products */ = {
			isa = PBXGroup;
			children = (
				B3FED5AB1F303BE800BB12F9 /* Tic Tac Toe.app */,
			);
			name = Products;
			sourceTree = "<group>";
		};
		B3FED5AD1F303BE800BB12F9 /* Tic Tac Toe */ = {
			isa = PBXGroup;
			children = (
				B3FED5AE1F303BE800BB12F9 /* AppDelegate.swift */,
				B3FED5B01F303BE800BB12F9 /* ViewController.swift */,
				B3FED5C01F30448100BB12F9 /* GamePiece.swift */,
				B3FED5B21F303BE800BB12F9 /* Main.storyboard */,
				B3FED5B51F303BE800BB12F9 /* Assets.xcassets */,
				B3FED5B71F303BE800BB12F9 /* LaunchScreen.storyboard */,
				B3FED5BA1F303BE800BB12F9 /* Info.plist */,
				B3FED5C21F31723F00BB12F9 /* SoundManager.swift */,
			);
			path = "Tic Tac Toe";
			sourceTree = "<group>";
		};
/* End PBXGroup section */

/* Begin PBXNativeTarget section */
		B3FED5AA1F303BE800BB12F9 /* Tic Tac Toe */ = {
			isa = PBXNativeTarget;
			buildConfigurationList = B3FED5BD1F303BE800BB12F9 /* Build configuration list for PBXNativeTarget "Tic Tac Toe" */;
			buildPhases = (
				B3FED5A71F303BE800BB12F9 /* Sources */,
				B3FED5A81F303BE800BB12F9 /* Frameworks */,
				B3FED5A91F303BE800BB12F9 /* Resources */,
			);
			buildRules = (
			);
			dependencies = (
			);
			name = "Tic Tac Toe";
			productName = "Tic Tac Toe";
			productReference = B3FED5AB1F303BE800BB12F9 /* Tic Tac Toe.app */;
			productType = "com.apple.product-type.application";
		};
/* End PBXNativeTarget section */

/* Begin PBXProject section */
		B3FED5A31F303BE800BB12F9 /* Project object */ = {
			isa = PBXProject;
			attributes = {
				LastSwiftUpdateCheck = 0830;
				LastUpgradeCheck = 0830;
				ORGANIZATIONNAME = "Michael Meyer";
				TargetAttributes = {
					B3FED5AA1F303BE800BB12F9 = {
						CreatedOnToolsVersion = 8.3.3;
						DevelopmentTeam = WY4Q88Q668;
						ProvisioningStyle = Automatic;
					};
				};
			};
			buildConfigurationList = B3FED5A61F303BE800BB12F9 /* Build configuration list for PBXProject "Tic Tac Toe" */;
			compatibilityVersion = "Xcode 3.2";
			developmentRegion = English;
			hasScannedForEncodings = 0;
			knownRegions = (
				en,
				Base,
			);
			mainGroup = B3FED5A21F303BE800BB12F9;
			productRefGroup = B3FED5AC1F303BE800BB12F9 /* Products */;
			projectDirPath = "";
			projectRoot = "";
			targets = (
				B3FED5AA1F303BE800BB12F9 /* Tic Tac Toe */,
			);
		};
/* End PBXProject section */

/* Begin PBXResourcesBuildPhase section */
		B3FED5A91F303BE800BB12F9 /* Resources */ = {
			isa = PBXResourcesBuildPhase;
			buildActionMask = 2147483647;
			files = (
				B3FED5B91F303BE800BB12F9 /* LaunchScreen.storyboard in Resources */,
				B3FED5CD1F317F0200BB12F9 /* congrats.caf in Resources */,
				B3FED5CC1F317F0200BB12F9 /* buzzer.caf in Resources */,
				B3FED5B61F303BE800BB12F9 /* Assets.xcassets in Resources */,
				B3FED5C81F317EA300BB12F9 /* nicemove.caf in Resources */,
				B3FED5CE1F317F0200BB12F9 /* swipe.caf in Resources */,
				B3FED5B41F303BE800BB12F9 /* Main.storyboard in Resources */,
			);
			runOnlyForDeploymentPostprocessing = 0;
		};
/* End PBXResourcesBuildPhase section */

/* Begin PBXSourcesBuildPhase section */
		B3FED5A71F303BE800BB12F9 /* Sources */ = {
			isa = PBXSourcesBuildPhase;
			buildActionMask = 2147483647;
			files = (
				B3FED5C11F30448100BB12F9 /* GamePiece.swift in Sources */,
				B3FED5B11F303BE800BB12F9 /* ViewController.swift in Sources */,
				B3FED5C31F31723F00BB12F9 /* SoundManager.swift in Sources */,
				B3FED5AF1F303BE800BB12F9 /* AppDelegate.swift in Sources */,
			);
			runOnlyForDeploymentPostprocessing = 0;
		};
/* End PBXSourcesBuildPhase section */

/* Begin PBXVariantGroup section */
		B3FED5B21F303BE800BB12F9 /* Main.storyboard */ = {
			isa = PBXVariantGroup;
			children = (
				B3FED5B31F303BE800BB12F9 /* Base */,
			);
			name = Main.storyboard;
			sourceTree = "<group>";
		};
		B3FED5B71F303BE800BB12F9 /* LaunchScreen.storyboard */ = {
			isa = PBXVariantGroup;
			children = (
				B3FED5B81F303BE800BB12F9 /* Base */,
			);
			name = LaunchScreen.storyboard;
			sourceTree = "<group>";
		};
/* End PBXVariantGroup section */

/* Begin XCBuildConfiguration section */
		B3FED5BB1F303BE800BB12F9 /* Debug */ = {
			isa = XCBuildConfiguration;
			buildSettings = {
				ALWAYS_SEARCH_USER_PATHS = NO;
				CLANG_ANALYZER_NONNULL = YES;
				CLANG_ANALYZER_NUMBER_OBJECT_CONVERSION = YES_AGGRESSIVE;
				CLANG_CXX_LANGUAGE_STANDARD = "gnu++0x";
				CLANG_CXX_LIBRARY = "libc++";
				CLANG_ENABLE_MODULES = YES;
				CLANG_ENABLE_OBJC_ARC = YES;
				CLANG_WARN_BOOL_CONVERSION = YES;
				CLANG_WARN_CONSTANT_CONVERSION = YES;
				CLANG_WARN_DIRECT_OBJC_ISA_USAGE = YES_ERROR;
				CLANG_WARN_DOCUMENTATION_COMMENTS = YES;
				CLANG_WARN_EMPTY_BODY = YES;
				CLANG_WARN_ENUM_CONVERSION = YES;
				CLANG_WARN_INFINITE_RECURSION = YES;
				CLANG_WARN_INT_CONVERSION = YES;
				CLANG_WARN_OBJC_ROOT_CLASS = YES_ERROR;
				CLANG_WARN_SUSPICIOUS_MOVE = YES;
				CLANG_WARN_UNREACHABLE_CODE = YES;
				CLANG_WARN__DUPLICATE_METHOD_MATCH = YES;
				"CODE_SIGN_IDENTITY[sdk=iphoneos*]" = "iPhone Developer";
				COPY_PHASE_STRIP = NO;
				DEBUG_INFORMATION_FORMAT = dwarf;
				ENABLE_STRICT_OBJC_MSGSEND = YES;
				ENABLE_TESTABILITY = YES;
				GCC_C_LANGUAGE_STANDARD = gnu99;
				GCC_DYNAMIC_NO_PIC = NO;
				GCC_NO_COMMON_BLOCKS = YES;
				GCC_OPTIMIZATION_LEVEL = 0;
				GCC_PREPROCESSOR_DEFINITIONS = (
					"DEBUG=1",
					"$(inherited)",
				);
				GCC_WARN_64_TO_32_BIT_CONVERSION = YES;
				GCC_WARN_ABOUT_RETURN_TYPE = YES_ERROR;
				GCC_WARN_UNDECLARED_SELECTOR = YES;
				GCC_WARN_UNINITIALIZED_AUTOS = YES_AGGRESSIVE;
				GCC_WARN_UNUSED_FUNCTION = YES;
				GCC_WARN_UNUSED_VARIABLE = YES;
				IPHONEOS_DEPLOYMENT_TARGET = 10.3;
				MTL_ENABLE_DEBUG_INFO = YES;
				ONLY_ACTIVE_ARCH = YES;
				SDKROOT = iphoneos;
				SWIFT_ACTIVE_COMPILATION_CONDITIONS = DEBUG;
				SWIFT_OPTIMIZATION_LEVEL = "-Onone";
			};
			name = Debug;
		};
		B3FED5BC1F303BE800BB12F9 /* Release */ = {
			isa = XCBuildConfiguration;
			buildSettings = {
				ALWAYS_SEARCH_USER_PATHS = NO;
				CLANG_ANALYZER_NONNULL = YES;
				CLANG_ANALYZER_NUMBER_OBJECT_CONVERSION = YES_AGGRESSIVE;
				CLANG_CXX_LANGUAGE_STANDARD = "gnu++0x";
				CLANG_CXX_LIBRARY = "libc++";
				CLANG_ENABLE_MODULES = YES;
				CLANG_ENABLE_OBJC_ARC = YES;
				CLANG_WARN_BOOL_CONVERSION = YES;
				CLANG_WARN_CONSTANT_CONVERSION = YES;
				CLANG_WARN_DIRECT_OBJC_ISA_USAGE = YES_ERROR;
				CLANG_WARN_DOCUMENTATION_COMMENTS = YES;
				CLANG_WARN_EMPTY_BODY = YES;
				CLANG_WARN_ENUM_CONVERSION = YES;
				CLANG_WARN_INFINITE_RECURSION = YES;
				CLANG_WARN_INT_CONVERSION = YES;
				CLANG_WARN_OBJC_ROOT_CLASS = YES_ERROR;
				CLANG_WARN_SUSPICIOUS_MOVE = YES;
				CLANG_WARN_UNREACHABLE_CODE = YES;
				CLANG_WARN__DUPLICATE_METHOD_MATCH = YES;
				"CODE_SIGN_IDENTITY[sdk=iphoneos*]" = "iPhone Developer";
				COPY_PHASE_STRIP = NO;
				DEBUG_INFORMATION_FORMAT = "dwarf-with-dsym";
				ENABLE_NS_ASSERTIONS = NO;
				ENABLE_STRICT_OBJC_MSGSEND = YES;
				GCC_C_LANGUAGE_STANDARD = gnu99;
				GCC_NO_COMMON_BLOCKS = YES;
				GCC_WARN_64_TO_32_BIT_CONVERSION = YES;
				GCC_WARN_ABOUT_RETURN_TYPE = YES_ERROR;
				GCC_WARN_UNDECLARED_SELECTOR = YES;
				GCC_WARN_UNINITIALIZED_AUTOS = YES_AGGRESSIVE;
				GCC_WARN_UNUSED_FUNCTION = YES;
				GCC_WARN_UNUSED_VARIABLE = YES;
				IPHONEOS_DEPLOYMENT_TARGET = 10.3;
				MTL_ENABLE_DEBUG_INFO = NO;
				SDKROOT = iphoneos;
				SWIFT_OPTIMIZATION_LEVEL = "-Owholemodule";
				VALIDATE_PRODUCT = YES;
			};
			name = Release;
		};
		B3FED5BE1F303BE800BB12F9 /* Debug */ = {
			isa = XCBuildConfiguration;
			buildSettings = {
				ASSETCATALOG_COMPILER_APPICON_NAME = AppIcon;
				DEVELOPMENT_TEAM = WY4Q88Q668;
				INFOPLIST_FILE = "Tic Tac Toe/Info.plist";
				LD_RUNPATH_SEARCH_PATHS = "$(inherited) @executable_path/Frameworks";
				PRODUCT_BUNDLE_IDENTIFIER = "com.meyermt.Tic-Tac-Toe";
				PRODUCT_NAME = "$(TARGET_NAME)";
				SWIFT_VERSION = 3.0;
			};
			name = Debug;
		};
		B3FED5BF1F303BE800BB12F9 /* Release */ = {
			isa = XCBuildConfiguration;
			buildSettings = {
				ASSETCATALOG_COMPILER_APPICON_NAME = AppIcon;
				DEVELOPMENT_TEAM = WY4Q88Q668;
				INFOPLIST_FILE = "Tic Tac Toe/Info.plist";
				LD_RUNPATH_SEARCH_PATHS = "$(inherited) @executable_path/Frameworks";
				PRODUCT_BUNDLE_IDENTIFIER = "com.meyermt.Tic-Tac-Toe";
				PRODUCT_NAME = "$(TARGET_NAME)";
				SWIFT_VERSION = 3.0;
			};
			name = Release;
		};
/* End XCBuildConfiguration section */

/* Begin XCConfigurationList section */
		B3FED5A61F303BE800BB12F9 /* Build configuration list for PBXProject "Tic Tac Toe" */ = {
			isa = XCConfigurationList;
			buildConfigurations = (
				B3FED5BB1F303BE800BB12F9 /* Debug */,
				B3FED5BC1F303BE800BB12F9 /* Release */,
			);
			defaultConfigurationIsVisible = 0;
			defaultConfigurationName = Release;
		};
		B3FED5BD1F303BE800BB12F9 /* Build configuration list for PBXNativeTarget "Tic Tac Toe" */ = {
			isa = XCConfigurationList;
			buildConfigurations = (
				B3FED5BE1F303BE800BB12F9 /* Debug */,
				B3FED5BF1F303BE800BB12F9 /* Release */,
			);
			defaultConfigurationIsVisible = 0;
		};
/* End XCConfigurationList section */
	};
	rootObject = B3FED5A31F303BE800BB12F9 /* Project object */;
}
